
Microsoft Visual Studio Solution File, Format Version 12.00
# Visual Studio Version 17
VisualStudioVersion = 17.14.36310.24 d17.14
MinimumVisualStudioVersion = 10.0.40219.1
Project("{FAE04EC0-301F-11D3-BF4B-00C04F79EFBC}") = "Demo", "Demo\Demo.csproj", "{109407DB-BFE3-44CB-8E1A-B5691E4D3C82}"
EndProject
Global
	GlobalSection(SolutionConfigurationPlatforms) = preSolution
		Debug|Any CPU = Debug|Any CPU
		Release|Any CPU = Release|Any CPU
	EndGlobalSection
	GlobalSection(ProjectConfigurationPlatforms) = postSolution
		{109407DB-BFE3-44CB-8E1A-B5691E4D3C82}.Debug|Any CPU.ActiveCfg = Debug|Any CPU
		{109407DB-BFE3-44CB-8E1A-B5691E4D3C82}.Debug|Any CPU.Build.0 = Debug|Any CPU
		{109407DB-BFE3-44CB-8E1A-B5691E4D3C82}.Release|Any CPU.ActiveCfg = Release|Any CPU
		{109407DB-BFE3-44CB-8E1A-B5691E4D3C82}.Release|Any CPU.Build.0 = Release|Any CPU
	EndGlobalSection
	GlobalSection(SolutionProperties) = preSolution
		HideSolutionNode = FALSE
	EndGlobalSection
	GlobalSection(ExtensibilityGlobals) = postSolution
		SolutionGuid = {E77461FA-DEFD-449D-BEE5-8EF6E529CD49}
	EndGlobalSection
EndGlobal
